
Microsoft Visual Studio Solution File, Format Version 12.00
# Visual Studio Version 17
VisualStudioVersion = 17.7.34031.279
MinimumVisualStudioVersion = 10.0.40219.1
Project("{FAE04EC0-301F-11D3-BF4B-00C04F79EFBC}") = "AirbnbBackend", "AirbnbBackend\AirbnbBackend.csproj", "{0E2686AC-409B-45B4-BA68-D7096BA6B35E}"
EndProject
Global
	GlobalSection(SolutionConfigurationPlatforms) = preSolution
		Debug|Any CPU = Debug|Any CPU
		Release|Any CPU = Release|Any CPU
	EndGlobalSection
	GlobalSection(ProjectConfigurationPlatforms) = postSolution
		{0E2686AC-409B-45B4-BA68-D7096BA6B35E}.Debug|Any CPU.ActiveCfg = Debug|Any CPU
		{0E2686AC-409B-45B4-BA68-D7096BA6B35E}.Debug|Any CPU.Build.0 = Debug|Any CPU
		{0E2686AC-409B-45B4-BA68-D7096BA6B35E}.Release|Any CPU.ActiveCfg = Release|Any CPU
		{0E2686AC-409B-45B4-BA68-D7096BA6B35E}.Release|Any CPU.Build.0 = Release|Any CPU
	EndGlobalSection
	GlobalSection(SolutionProperties) = preSolution
		HideSolutionNode = FALSE
	EndGlobalSection
	GlobalSection(ExtensibilityGlobals) = postSolution
		SolutionGuid = {5D1AD878-65F2-4549-AF1F-DD083D6D6EC9}
	EndGlobalSection
EndGlobal
